
Microsoft Visual Studio Solution File, Format Version 12.00
# Visual Studio Version 17
VisualStudioVersion = 17.1.32328.378
MinimumVisualStudioVersion = 10.0.40219.1
Project("{9A19103F-16F7-4668-BE54-9A1E7A4F7556}") = "Task 01", "Task 01\Task 01.csproj", "{DE64231D-E21F-4CF6-95F7-1338B2DAF960}"
EndProject
Project("{9A19103F-16F7-4668-BE54-9A1E7A4F7556}") = "Task 02", "Task 2\Task 02.csproj", "{687D2C5F-3386-4DFF-B9B1-ECFD756C7D77}"
EndProject
Project("{FAE04EC0-301F-11D3-BF4B-00C04F79EFBC}") = "Task 03", "Task 03\Task 03.csproj", "{01BFFF6D-30F9-4E31-9DBE-1A0462B2C762}"
EndProject
Global
	GlobalSection(SolutionConfigurationPlatforms) = preSolution
		Debug|Any CPU = Debug|Any CPU
		Release|Any CPU = Release|Any CPU
	EndGlobalSection
	GlobalSection(ProjectConfigurationPlatforms) = postSolution
		{DE64231D-E21F-4CF6-95F7-1338B2DAF960}.Debug|Any CPU.ActiveCfg = Debug|Any CPU
		{DE64231D-E21F-4CF6-95F7-1338B2DAF960}.Debug|Any CPU.Build.0 = Debug|Any CPU
		{DE64231D-E21F-4CF6-95F7-1338B2DAF960}.Release|Any CPU.ActiveCfg = Release|Any CPU
		{DE64231D-E21F-4CF6-95F7-1338B2DAF960}.Release|Any CPU.Build.0 = Release|Any CPU
		{687D2C5F-3386-4DFF-B9B1-ECFD756C7D77}.Debug|Any CPU.ActiveCfg = Debug|Any CPU
		{687D2C5F-3386-4DFF-B9B1-ECFD756C7D77}.Debug|Any CPU.Build.0 = Debug|Any CPU
		{687D2C5F-3386-4DFF-B9B1-ECFD756C7D77}.Release|Any CPU.ActiveCfg = Release|Any CPU
		{687D2C5F-3386-4DFF-B9B1-ECFD756C7D77}.Release|Any CPU.Build.0 = Release|Any CPU
		{01BFFF6D-30F9-4E31-9DBE-1A0462B2C762}.Debug|Any CPU.ActiveCfg = Debug|Any CPU
		{01BFFF6D-30F9-4E31-9DBE-1A0462B2C762}.Debug|Any CPU.Build.0 = Debug|Any CPU
		{01BFFF6D-30F9-4E31-9DBE-1A0462B2C762}.Release|Any CPU.ActiveCfg = Release|Any CPU
		{01BFFF6D-30F9-4E31-9DBE-1A0462B2C762}.Release|Any CPU.Build.0 = Release|Any CPU
	EndGlobalSection
	GlobalSection(SolutionProperties) = preSolution
		HideSolutionNode = FALSE
	EndGlobalSection
	GlobalSection(ExtensibilityGlobals) = postSolution
		SolutionGuid = {900BEBE4-045B-4542-B491-382BD0B4C56E}
	EndGlobalSection
EndGlobal
